
Microsoft Visual Studio Solution File, Format Version 12.00
# Visual Studio Version 17
VisualStudioVersion = 17.7.34009.444
MinimumVisualStudioVersion = 10.0.40219.1
Project("{FAE04EC0-301F-11D3-BF4B-00C04F79EFBC}") = "TASRDP", "TASRDP\TASRDP.csproj", "{BFC67663-5A17-40E0-9EFA-95033DD4DD50}"
EndProject
Global
	GlobalSection(SolutionConfigurationPlatforms) = preSolution
		Debug|Any CPU = Debug|Any CPU
		Release|Any CPU = Release|Any CPU
	EndGlobalSection
	GlobalSection(ProjectConfigurationPlatforms) = postSolution
		{BFC67663-5A17-40E0-9EFA-95033DD4DD50}.Debug|Any CPU.ActiveCfg = Debug|Any CPU
		{BFC67663-5A17-40E0-9EFA-95033DD4DD50}.Debug|Any CPU.Build.0 = Debug|Any CPU
		{BFC67663-5A17-40E0-9EFA-95033DD4DD50}.Release|Any CPU.ActiveCfg = Release|Any CPU
		{BFC67663-5A17-40E0-9EFA-95033DD4DD50}.Release|Any CPU.Build.0 = Release|Any CPU
	EndGlobalSection
	GlobalSection(SolutionProperties) = preSolution
		HideSolutionNode = FALSE
	EndGlobalSection
	GlobalSection(ExtensibilityGlobals) = postSolution
		SolutionGuid = {F9E7D43D-39A2-44AD-AB22-C339A2DAB366}
	EndGlobalSection
EndGlobal
